
Microsoft Visual Studio Solution File, Format Version 12.00
# Visual Studio Version 16
VisualStudioVersion = 16.0.31911.196
MinimumVisualStudioVersion = 10.0.40219.1
Project("{FAE04EC0-301F-11D3-BF4B-00C04F79EFBC}") = "RezumeWithTemplate", "RezumeWithTemplate\RezumeWithTemplate.csproj", "{6DDF4D3C-07E0-4EED-868E-CD6499B3192A}"
EndProject
Global
	GlobalSection(SolutionConfigurationPlatforms) = preSolution
		Debug|Any CPU = Debug|Any CPU
		Release|Any CPU = Release|Any CPU
	EndGlobalSection
	GlobalSection(ProjectConfigurationPlatforms) = postSolution
		{6DDF4D3C-07E0-4EED-868E-CD6499B3192A}.Debug|Any CPU.ActiveCfg = Debug|Any CPU
		{6DDF4D3C-07E0-4EED-868E-CD6499B3192A}.Debug|Any CPU.Build.0 = Debug|Any CPU
		{6DDF4D3C-07E0-4EED-868E-CD6499B3192A}.Release|Any CPU.ActiveCfg = Release|Any CPU
		{6DDF4D3C-07E0-4EED-868E-CD6499B3192A}.Release|Any CPU.Build.0 = Release|Any CPU
	EndGlobalSection
	GlobalSection(SolutionProperties) = preSolution
		HideSolutionNode = FALSE
	EndGlobalSection
	GlobalSection(ExtensibilityGlobals) = postSolution
		SolutionGuid = {5743D8BA-2724-4D63-81E0-20EFCC7ADC2D}
	EndGlobalSection
EndGlobal
