
Microsoft Visual Studio Solution File, Format Version 12.00
# Visual Studio Version 16
VisualStudioVersion = 16.0.31911.196
MinimumVisualStudioVersion = 10.0.40219.1
Project("{FAE04EC0-301F-11D3-BF4B-00C04F79EFBC}") = "WPF_Calcul", "WPF_Calcul\WPF_Calcul.csproj", "{DA779794-2F41-4AD8-95C0-4E1C746E5399}"
EndProject
Global
	GlobalSection(SolutionConfigurationPlatforms) = preSolution
		Debug|Any CPU = Debug|Any CPU
		Release|Any CPU = Release|Any CPU
	EndGlobalSection
	GlobalSection(ProjectConfigurationPlatforms) = postSolution
		{DA779794-2F41-4AD8-95C0-4E1C746E5399}.Debug|Any CPU.ActiveCfg = Debug|Any CPU
		{DA779794-2F41-4AD8-95C0-4E1C746E5399}.Debug|Any CPU.Build.0 = Debug|Any CPU
		{DA779794-2F41-4AD8-95C0-4E1C746E5399}.Release|Any CPU.ActiveCfg = Release|Any CPU
		{DA779794-2F41-4AD8-95C0-4E1C746E5399}.Release|Any CPU.Build.0 = Release|Any CPU
	EndGlobalSection
	GlobalSection(SolutionProperties) = preSolution
		HideSolutionNode = FALSE
	EndGlobalSection
	GlobalSection(ExtensibilityGlobals) = postSolution
		SolutionGuid = {29F66CC6-1B35-4253-B436-E59ED02C2ADC}
	EndGlobalSection
EndGlobal
